github.com/andrerrcosta2/gtools/core/data v0.0.2-alpha.3 h1:+G8mHqYqDfKF2dPJs8XMpnCkv6rBVGj4YRnS6C42DnM=
github.com/andrerrcosta2/gtools/core/data v0.0.2-alpha.3/go.mod h1:tu71PuSHztxXBT0I00iL6Wt7XgPVvFc2HcoLWI06Nzk=
github.com/andrerrcosta2/gtools/core/seeders v0.0.2-alpha.3 h1:RACe+/8cTdc46dN7863MoxddU4bUdtjQWOlCxZfLXRw=
github.com/andrerrcosta2/gtools/core/seeders v0.0.2-alpha.3/go.mod h1:89gz+uAp0IQQc1nKc9S9XErHaohAH0Urum/4CNHjfvg=
github.com/google/uuid v1.6.0 h1:NIvaJDMOsjHA8n1jAhLSgzrAzy1Hgr+hNrb57e+94F0=
github.com/google/uuid v1.6.0/go.mod h1:TIyPZe4MgqvfeYDBFedMoGGpEw/LqOeaOT+nhxU+yHo=
golang.org/x/text v0.27.0 h1:4fGWRpyh641NLlecmyl4LOe6yDdfaYNrGb2zdfo4JV4=
golang.org/x/text v0.27.0/go.mod h1:1D28KMCvyooCX9hBiosv5Tz/+YLxj0j7XhWjpSUF7CU=
